
Microsoft Visual Studio Solution File, Format Version 12.00
# Visual Studio Version 16
VisualStudioVersion = 16.0.28803.156
MinimumVisualStudioVersion = 10.0.40219.1
Project("{FAE04EC0-301F-11D3-BF4B-00C04F79EFBC}") = "projeto4", "projeto4\projeto4.csproj", "{EEC951F1-2116-4A6F-8A12-AA55B039FDF9}"
EndProject
Global
	GlobalSection(SolutionConfigurationPlatforms) = preSolution
		Debug|Any CPU = Debug|Any CPU
		Release|Any CPU = Release|Any CPU
	EndGlobalSection
	GlobalSection(ProjectConfigurationPlatforms) = postSolution
		{EEC951F1-2116-4A6F-8A12-AA55B039FDF9}.Debug|Any CPU.ActiveCfg = Debug|Any CPU
		{EEC951F1-2116-4A6F-8A12-AA55B039FDF9}.Debug|Any CPU.Build.0 = Debug|Any CPU
		{EEC951F1-2116-4A6F-8A12-AA55B039FDF9}.Release|Any CPU.ActiveCfg = Release|Any CPU
		{EEC951F1-2116-4A6F-8A12-AA55B039FDF9}.Release|Any CPU.Build.0 = Release|Any CPU
	EndGlobalSection
	GlobalSection(SolutionProperties) = preSolution
		HideSolutionNode = FALSE
	EndGlobalSection
	GlobalSection(ExtensibilityGlobals) = postSolution
		SolutionGuid = {C41EB0D8-AE00-4819-815B-358FF3739A21}
	EndGlobalSection
EndGlobal
